version = 1
requires-python = ">=3.11"

[[package]]
name = "cmake"
version = "3.30.3"
source = { registry = "https://pypi.org/simple" }
sdist = { url = "https://files.pythonhosted.org/packages/61/59/c5298e16a4e44b411e53aea01ddb1cc263827911675a3b6c2a8c5d0d5e96/cmake-3.30.3.tar.gz", hash = "sha256:c015d02e5f25973b66b66a060d3ad8c1c382cf38ba7b09712770d9de50b67b80", size = 31691 }
wheels = [
    { url = "https://files.pythonhosted.org/packages/da/de/23d480cab04cbcd6d7c615f1807316c9bc6780fb9b823f898eca80674bef/cmake-3.30.3-py3-none-macosx_11_0_universal2.macosx_11_0_arm64.macosx_10_10_x86_64.whl", hash = "sha256:8cc4c67432cca5e7a24a74eb102bc0472581a71231e58c224e544373dcb147a7", size = 47948490 },
    { url = "https://files.pythonhosted.org/packages/e0/18/fb2508f21061faaba36415a4b1ecc990ae56c6cd71ce7bdbc95bca77b695/cmake-3.30.3-py3-none-manylinux_2_12_i686.manylinux2010_i686.whl", hash = "sha256:1ca7e29f5952634274d33ec1cb0cd9ddb79cb0b09cc3887b55d24c9852eed9d0", size = 26709517 },
    { url = "https://files.pythonhosted.org/packages/cf/07/e2ac0f7fab5fb2746f3a3c4daec72860aa67ab669191fd0549dca9457c53/cmake-3.30.3-py3-none-manylinux_2_12_x86_64.manylinux2010_x86_64.whl", hash = "sha256:30c2cdf8a863573a5fd7bf39159fbb96e75ac1955e481d35e5295ac601ea23af", size = 25987058 },
    { url = "https://files.pythonhosted.org/packages/a5/7b/4a00c8a321638e07f9ad616ac7b4eac802cf91d69d60bb3e913e04d8282f/cmake-3.30.3-py3-none-manylinux_2_17_aarch64.manylinux2014_aarch64.whl", hash = "sha256:81e5dc3103a4c6594d3efdf652e21e21d610e264f0c489ebefa3db04b1cdd2bc", size = 26267055 },
    { url = "https://files.pythonhosted.org/packages/8b/8a/e304d8afc757bc0766ba15e4b2518f808175191734237f1e70f073144fcd/cmake-3.30.3-py3-none-manylinux_2_17_i686.manylinux2014_i686.whl", hash = "sha256:fc5fba153bd0255adb246f27358d98db597a62264b61970d32038f9c7f355a70", size = 27987191 },
    { url = "https://files.pythonhosted.org/packages/a2/67/d8d95041d8982cf9a1fc3a0d24a4dff723a55c01750f82599d7637e676ed/cmake-3.30.3-py3-none-manylinux_2_17_ppc64le.manylinux2014_ppc64le.whl", hash = "sha256:a5ac1157eaa1e95bd67f11bd6ebc6f85b42ce6f2aac7b93d28dd84a5230be55b", size = 29787838 },
    { url = "https://files.pythonhosted.org/packages/05/71/979ddc2b17357a128ad716689de2449db28f9efeab87d7a2506670b310d4/cmake-3.30.3-py3-none-manylinux_2_17_s390x.manylinux2014_s390x.whl", hash = "sha256:ba26cb3c19f5b4cb83787394647a5dafbd2922a6de4af39409d7d287536a617f", size = 26046296 },
    { url = "https://files.pythonhosted.org/packages/b0/bd/c92eb92654e41483fc79f309863c55647bcacbbc9b1312a9684d6e0ba725/cmake-3.30.3-py3-none-manylinux_2_17_x86_64.manylinux2014_x86_64.whl", hash = "sha256:6e294e3f424175b085809f713dd7ee36edd36b6b8a579911ef90359d8f884658", size = 26923036 },
    { url = "https://files.pythonhosted.org/packages/8b/61/3295b7fb9249390e4433096e1010670b42d47593527f1c870df535ec7109/cmake-3.30.3-py3-none-musllinux_1_1_aarch64.whl", hash = "sha256:1616e2806c4c85e21fd0b6e92a61d41cb47479b5305bfa6f0c00baacfd029d7d", size = 27004434 },
    { url = "https://files.pythonhosted.org/packages/81/89/ac737c0657f24813cf199381fd884189b49d64f9b7aa314196440024cd37/cmake-3.30.3-py3-none-musllinux_1_1_i686.whl", hash = "sha256:c98cf8980ed75dd15be9948da559a51ce4cd0f017fc44969a72dcd37f507fa61", size = 30430877 },
    { url = "https://files.pythonhosted.org/packages/ea/34/199690833e707a9d41acd8518efb670d9ad1cdd0f0eaac56bf6254f291f9/cmake-3.30.3-py3-none-musllinux_1_1_ppc64le.whl", hash = "sha256:870ebf590fb2f7cc58c8aa5b4dc32b50d4ca9c2fb9f1e46cd0426a995a2ef71e", size = 31140740 },
    { url = "https://files.pythonhosted.org/packages/bf/34/307dd0d3a920255210d2f52f6205629f3dc3b1291cc022a0990a6a72074c/cmake-3.30.3-py3-none-musllinux_1_1_s390x.whl", hash = "sha256:592cfcf280570713b8743bf8a8dec3753e0b82a7791d7d79f5ddb4f2be8b48b8", size = 27093108 },
    { url = "https://files.pythonhosted.org/packages/c7/98/9fdebaa3be70c68c11552aca4595fad605f2ab3d0865c1ef85cbf8d9ea16/cmake-3.30.3-py3-none-musllinux_1_1_x86_64.whl", hash = "sha256:e0fd7746f8895ec54e20c5d5dcc76a42256483e1f4736050264a180a13f9f8ef", size = 28579886 },
    { url = "https://files.pythonhosted.org/packages/38/45/fd47b26e1a66fe08ae2cf3364b03595114ce506c8bd33510f9c24e3e0ba3/cmake-3.30.3-py3-none-win32.whl", hash = "sha256:ca990748d1a1d778a1a31cc1e33dcb01f2ed6fb0a752e945ff9e2d5435cff191", size = 32553611 },
    { url = "https://files.pythonhosted.org/packages/2d/df/51d938710ba4c3af94fe65bec019dd2eb4aca291cf0ad187627499aded97/cmake-3.30.3-py3-none-win_amd64.whl", hash = "sha256:3b41b0fbf3b449dd387c71444c9eb7f23e9a8061554bbf8fd8157ee355427220", size = 35657356 },
    { url = "https://files.pythonhosted.org/packages/ea/cd/3087935cb6471cbd32e79ddadc2f707ac5365721938113680b84e78bdd7b/cmake-3.30.3-py3-none-win_arm64.whl", hash = "sha256:a9e14118824992313bd0e2b3b86d9c85d7883c39b784199ea755fc32aeeb9e81", size = 34366244 },
]

[[package]]
name = "my-package"
version = "0.1.0"
source = { virtual = "." }
dependencies = [
    { name = "pylibczirw" },
]

[package.metadata]
requires-dist = [{ name = "pylibczirw", specifier = ">=4.1.3" }]

[[package]]
name = "numpy"
version = "2.1.1"
source = { registry = "https://pypi.org/simple" }
sdist = { url = "https://files.pythonhosted.org/packages/59/5f/9003bb3e632f2b58f5e3a3378902dcc73c5518070736c6740fe52454e8e1/numpy-2.1.1.tar.gz", hash = "sha256:d0cf7d55b1051387807405b3898efafa862997b4cba8aa5dbe657be794afeafd", size = 18874860 }
wheels = [
    { url = "https://files.pythonhosted.org/packages/f7/86/2c01070424a42b286ea0271203682c3d3e81e10ce695545b35768307b383/numpy-2.1.1-cp311-cp311-macosx_10_9_x86_64.whl", hash = "sha256:0d07841fd284718feffe7dd17a63a2e6c78679b2d386d3e82f44f0108c905550", size = 21154850 },
    { url = "https://files.pythonhosted.org/packages/ef/4e/d3426d9e620a18bbb979f28e4dc7f9a2c35eb7cf726ffcb33545ebdd3e6a/numpy-2.1.1-cp311-cp311-macosx_11_0_arm64.whl", hash = "sha256:b5613cfeb1adfe791e8e681128f5f49f22f3fcaa942255a6124d58ca59d9528f", size = 13789477 },
    { url = "https://files.pythonhosted.org/packages/c6/6e/fb6b1b2da9f4c757f55b202f10b6af0fe4fee87ace6e830228a12ab8ae5d/numpy-2.1.1-cp311-cp311-macosx_14_0_arm64.whl", hash = "sha256:0b8cc2715a84b7c3b161f9ebbd942740aaed913584cae9cdc7f8ad5ad41943d0", size = 5351769 },
    { url = "https://files.pythonhosted.org/packages/58/9a/07c8a9dc7254f3265ae014e33768d1cfd8eb73ee6cf215f4ec3b497e4255/numpy-2.1.1-cp311-cp311-macosx_14_0_x86_64.whl", hash = "sha256:b49742cdb85f1f81e4dc1b39dcf328244f4d8d1ded95dea725b316bd2cf18c95", size = 6890872 },
    { url = "https://files.pythonhosted.org/packages/08/4e/3b50fa3b1e045793056ed5a1fc6f89dd897ff9cb00900ca6377fe552d442/numpy-2.1.1-cp311-cp311-manylinux_2_17_aarch64.manylinux2014_aarch64.whl", hash = "sha256:e8d5f8a8e3bc87334f025194c6193e408903d21ebaeb10952264943a985066ca", size = 13984256 },
    { url = "https://files.pythonhosted.org/packages/d9/37/108d692f7e2544b9ae972c7bfa06c26717871c273ccec86470bc3132b04d/numpy-2.1.1-cp311-cp311-manylinux_2_17_x86_64.manylinux2014_x86_64.whl", hash = "sha256:d51fc141ddbe3f919e91a096ec739f49d686df8af254b2053ba21a910ae518bf", size = 16337778 },
    { url = "https://files.pythonhosted.org/packages/95/2d/df81a1be3be6d3a92fd12dfd6c26a0dc026b276136ec1056562342a484a2/numpy-2.1.1-cp311-cp311-musllinux_1_1_x86_64.whl", hash = "sha256:98ce7fb5b8063cfdd86596b9c762bf2b5e35a2cdd7e967494ab78a1fa7f8b86e", size = 16710448 },
    { url = "https://files.pythonhosted.org/packages/8f/34/4b2e604c5c44bd64b6c85e89d88871b41e60233b3ddf97419b37ae5b0c72/numpy-2.1.1-cp311-cp311-musllinux_1_2_aarch64.whl", hash = "sha256:24c2ad697bd8593887b019817ddd9974a7f429c14a5469d7fad413f28340a6d2", size = 14489002 },
    { url = "https://files.pythonhosted.org/packages/9f/0d/67c04b6bfefd0abbe7f60f7e4f11e3aca15d688faec1d1df089966105a9a/numpy-2.1.1-cp311-cp311-win32.whl", hash = "sha256:397bc5ce62d3fb73f304bec332171535c187e0643e176a6e9421a6e3eacef06d", size = 6533215 },
    { url = "https://files.pythonhosted.org/packages/94/7a/4c00332a3ca79702bbc86228afd0e84e6f91b47222ec8cdf00677dd16481/numpy-2.1.1-cp311-cp311-win_amd64.whl", hash = "sha256:ae8ce252404cdd4de56dcfce8b11eac3c594a9c16c231d081fb705cf23bd4d9e", size = 12870550 },
    { url = "https://files.pythonhosted.org/packages/36/11/c573ef66c004f991989c2c6218229d9003164525549409aec5ec9afc0285/numpy-2.1.1-cp312-cp312-macosx_10_9_x86_64.whl", hash = "sha256:7c803b7934a7f59563db459292e6aa078bb38b7ab1446ca38dd138646a38203e", size = 20884403 },
    { url = "https://files.pythonhosted.org/packages/6b/6c/a9fbef5fd2f9685212af2a9e47485cde9357c3e303e079ccf85127516f2d/numpy-2.1.1-cp312-cp312-macosx_11_0_arm64.whl", hash = "sha256:6435c48250c12f001920f0751fe50c0348f5f240852cfddc5e2f97e007544cbe", size = 13493375 },
    { url = "https://files.pythonhosted.org/packages/34/f2/1316a6b08ad4c161d793abe81ff7181e9ae2e357a5b06352a383b9f8e800/numpy-2.1.1-cp312-cp312-macosx_14_0_arm64.whl", hash = "sha256:3269c9eb8745e8d975980b3a7411a98976824e1fdef11f0aacf76147f662b15f", size = 5088823 },
    { url = "https://files.pythonhosted.org/packages/be/15/fabf78a6d4a10c250e87daf1cd901af05e71501380532ac508879cc46a7e/numpy-2.1.1-cp312-cp312-macosx_14_0_x86_64.whl", hash = "sha256:fac6e277a41163d27dfab5f4ec1f7a83fac94e170665a4a50191b545721c6521", size = 6619825 },
    { url = "https://files.pythonhosted.org/packages/9f/8a/76ddef3e621541ddd6984bc24d256a4e3422d036790cbbe449e6cad439ee/numpy-2.1.1-cp312-cp312-manylinux_2_17_aarch64.manylinux2014_aarch64.whl", hash = "sha256:fcd8f556cdc8cfe35e70efb92463082b7f43dd7e547eb071ffc36abc0ca4699b", size = 13696705 },
    { url = "https://files.pythonhosted.org/packages/cb/22/2b840d297183916a95847c11f82ae11e248fa98113490b2357f774651e1d/numpy-2.1.1-cp312-cp312-manylinux_2_17_x86_64.manylinux2014_x86_64.whl", hash = "sha256:d2b9cd92c8f8e7b313b80e93cedc12c0112088541dcedd9197b5dee3738c1201", size = 16041649 },
    { url = "https://files.pythonhosted.org/packages/c7/e8/6f4825d8f576cfd5e4d6515b9eec22bd618868bdafc8a8c08b446dcb65f0/numpy-2.1.1-cp312-cp312-musllinux_1_1_x86_64.whl", hash = "sha256:afd9c680df4de71cd58582b51e88a61feed4abcc7530bcd3d48483f20fc76f2a", size = 16409358 },
    { url = "https://files.pythonhosted.org/packages/bf/f8/5edf1105b0dc24fd66fc3e9e7f3bca3d920cde571caaa4375ec1566073c3/numpy-2.1.1-cp312-cp312-musllinux_1_2_aarch64.whl", hash = "sha256:8661c94e3aad18e1ea17a11f60f843a4933ccaf1a25a7c6a9182af70610b2313", size = 14172488 },
    { url = "https://files.pythonhosted.org/packages/f4/c2/dddca3e69a024d2f249a5b68698328163cbdafb7e65fbf6d36373bbabf12/numpy-2.1.1-cp312-cp312-win32.whl", hash = "sha256:950802d17a33c07cba7fd7c3dcfa7d64705509206be1606f196d179e539111ed", size = 6237195 },
    { url = "https://files.pythonhosted.org/packages/b7/98/5640a09daa3abf0caeaefa6e7bf0d10c0aa28a77c84e507d6a716e0e23df/numpy-2.1.1-cp312-cp312-win_amd64.whl", hash = "sha256:3fc5eabfc720db95d68e6646e88f8b399bfedd235994016351b1d9e062c4b270", size = 12568082 },
    { url = "https://files.pythonhosted.org/packages/6b/9e/8bc6f133bc6d359ccc9ec051853aded45504d217685191f31f46d36b7065/numpy-2.1.1-cp313-cp313-macosx_10_13_x86_64.whl", hash = "sha256:046356b19d7ad1890c751b99acad5e82dc4a02232013bd9a9a712fddf8eb60f5", size = 20834810 },
    { url = "https://files.pythonhosted.org/packages/32/1b/429519a2fa28681814c511574017d35f3aab7136d554cc65f4c1526dfbf5/numpy-2.1.1-cp313-cp313-macosx_11_0_arm64.whl", hash = "sha256:6e5a9cb2be39350ae6c8f79410744e80154df658d5bea06e06e0ac5bb75480d5", size = 13507739 },
    { url = "https://files.pythonhosted.org/packages/25/18/c732d7dd9896d11e4afcd487ac65e62f9fa0495563b7614eb850765361fa/numpy-2.1.1-cp313-cp313-macosx_14_0_arm64.whl", hash = "sha256:d4c57b68c8ef5e1ebf47238e99bf27657511ec3f071c465f6b1bccbef12d4136", size = 5074465 },
    { url = "https://files.pythonhosted.org/packages/3e/37/838b7ae9262c370ab25312bab365492016f11810ffc03ebebbd54670b669/numpy-2.1.1-cp313-cp313-macosx_14_0_x86_64.whl", hash = "sha256:8ae0fd135e0b157365ac7cc31fff27f07a5572bdfc38f9c2d43b2aff416cc8b0", size = 6606418 },
    { url = "https://files.pythonhosted.org/packages/8b/b9/7ff3bfb71e316a5b43a124c4b7a5881ab12f3c32636014bef1f757f19dbd/numpy-2.1.1-cp313-cp313-manylinux_2_17_aarch64.manylinux2014_aarch64.whl", hash = "sha256:981707f6b31b59c0c24bcda52e5605f9701cb46da4b86c2e8023656ad3e833cb", size = 13692464 },
    { url = "https://files.pythonhosted.org/packages/42/78/75bcf16e6737cd196ff7ecf0e1fd3f953293a34dff4fd93fb488e8308536/numpy-2.1.1-cp313-cp313-manylinux_2_17_x86_64.manylinux2014_x86_64.whl", hash = "sha256:2ca4b53e1e0b279142113b8c5eb7d7a877e967c306edc34f3b58e9be12fda8df", size = 16037763 },
    { url = "https://files.pythonhosted.org/packages/23/99/36bf5ffe034d06df307bc783e25cf164775863166dcd878879559fe0379f/numpy-2.1.1-cp313-cp313-musllinux_1_1_x86_64.whl", hash = "sha256:e097507396c0be4e547ff15b13dc3866f45f3680f789c1a1301b07dadd3fbc78", size = 16410374 },
    { url = "https://files.pythonhosted.org/packages/7f/16/04c5dab564887d4cd31a9ed30e51467fa70d52a4425f5a9bd1eed5b3d34c/numpy-2.1.1-cp313-cp313-musllinux_1_2_aarch64.whl", hash = "sha256:f7506387e191fe8cdb267f912469a3cccc538ab108471291636a96a54e599556", size = 14169873 },
    { url = "https://files.pythonhosted.org/packages/09/e0/d1b5adbf1731886c4186c59a9fa208585df9452a43a2b60e79af7c649717/numpy-2.1.1-cp313-cp313-win32.whl", hash = "sha256:251105b7c42abe40e3a689881e1793370cc9724ad50d64b30b358bbb3a97553b", size = 6234118 },
    { url = "https://files.pythonhosted.org/packages/d0/9c/2391ee6e9ebe77232ddcab29d92662b545e99d78c3eb3b4e26d59b9ca1ca/numpy-2.1.1-cp313-cp313-win_amd64.whl", hash = "sha256:f212d4f46b67ff604d11fff7cc62d36b3e8714edf68e44e9760e19be38c03eb0", size = 12561742 },
    { url = "https://files.pythonhosted.org/packages/38/0e/c4f754f9e73f9bb520e8bf418c646f2c4f70c5d5f2bc561e90f884593193/numpy-2.1.1-cp313-cp313t-macosx_10_13_x86_64.whl", hash = "sha256:920b0911bb2e4414c50e55bd658baeb78281a47feeb064ab40c2b66ecba85553", size = 20858403 },
    { url = "https://files.pythonhosted.org/packages/32/fc/d69092b9171efa0cb8079577e71ce0cac0e08f917d33f6e99c916ed51d44/numpy-2.1.1-cp313-cp313t-macosx_11_0_arm64.whl", hash = "sha256:bab7c09454460a487e631ffc0c42057e3d8f2a9ddccd1e60c7bb8ed774992480", size = 13519851 },
    { url = "https://files.pythonhosted.org/packages/14/2a/d7cf2cd9f15b23f623075546ea64a2c367cab703338ca22aaaecf7e704df/numpy-2.1.1-cp313-cp313t-macosx_14_0_arm64.whl", hash = "sha256:cea427d1350f3fd0d2818ce7350095c1a2ee33e30961d2f0fef48576ddbbe90f", size = 5115444 },
    { url = "https://files.pythonhosted.org/packages/8e/00/e87b2cb4afcecca3b678deefb8fa53005d7054f3b5c39596e5554e5d98f8/numpy-2.1.1-cp313-cp313t-macosx_14_0_x86_64.whl", hash = "sha256:e30356d530528a42eeba51420ae8bf6c6c09559051887196599d96ee5f536468", size = 6628903 },
    { url = "https://files.pythonhosted.org/packages/ab/9d/337ae8721b3beec48c3413d71f2d44b2defbf3c6f7a85184fc18b7b61f4a/numpy-2.1.1-cp313-cp313t-manylinux_2_17_aarch64.manylinux2014_aarch64.whl", hash = "sha256:e8dfa9e94fc127c40979c3eacbae1e61fda4fe71d84869cc129e2721973231ef", size = 13665945 },
    { url = "https://files.pythonhosted.org/packages/c0/90/ee8668e84c5d5cc080ef3beb622c016adf19ca3aa51afe9dbdcc6a9baf59/numpy-2.1.1-cp313-cp313t-manylinux_2_17_x86_64.manylinux2014_x86_64.whl", hash = "sha256:910b47a6d0635ec1bd53b88f86120a52bf56dcc27b51f18c7b4a2e2224c29f0f", size = 16023473 },
    { url = "https://files.pythonhosted.org/packages/38/a0/57c24b2131879183051dc698fbb53fd43b77c3fa85b6e6311014f2bc2973/numpy-2.1.1-cp313-cp313t-musllinux_1_1_x86_64.whl", hash = "sha256:13cc11c00000848702322af4de0147ced365c81d66053a67c2e962a485b3717c", size = 16400624 },
    { url = "https://files.pythonhosted.org/packages/bb/4c/14a41eb5c9548c6cee6af0936eabfd985c69230ffa2f2598321431a9aa0a/numpy-2.1.1-cp313-cp313t-musllinux_1_2_aarch64.whl", hash = "sha256:53e27293b3a2b661c03f79aa51c3987492bd4641ef933e366e0f9f6c9bf257ec", size = 14155072 },
]

[[package]]
name = "pylibczirw"
version = "4.1.3"
source = { registry = "https://pypi.org/simple" }
dependencies = [
    { name = "cmake" },
    { name = "numpy" },
    { name = "validators" },
    { name = "xmltodict" },
]
sdist = { url = "https://files.pythonhosted.org/packages/f9/d9/2c940dc5f9839a16385ec81eb9bea5a9f88af220dfba6fb5728989480f93/pylibCZIrw-4.1.3.tar.gz", hash = "sha256:52f7c9a4ff3529b909b1e27e12d9117564e5c935a5cc814d0cb75c835aee80cd", size = 5016848 }
wheels = [
    { url = "https://files.pythonhosted.org/packages/b2/c5/eb83ea7643a4884aacad0b8e93b571ed01fadac230176acd484dc40b3f15/pylibCZIrw-4.1.3-cp311-cp311-manylinux_2_17_x86_64.manylinux2014_x86_64.whl", hash = "sha256:07ac5cd778bc94757e2a915b9df16f1bcfe14f4c5c8d35cbd14261b1e90d8727", size = 4167076 },
    { url = "https://files.pythonhosted.org/packages/8d/7c/5db19f4de2cfcd60c279bbd198d2f72061b91bf0747f8a0613b01e1f6fe5/pylibCZIrw-4.1.3-cp311-cp311-win_amd64.whl", hash = "sha256:9a6874ea4923e4a93e4b96254e1b7cbd449796768cbe2e7d878d0f833ab0f0be", size = 1232159 },
]

[[package]]
name = "validators"
version = "0.34.0"
source = { registry = "https://pypi.org/simple" }
sdist = { url = "https://files.pythonhosted.org/packages/64/07/91582d69320f6f6daaf2d8072608a4ad8884683d4840e7e4f3a9dbdcc639/validators-0.34.0.tar.gz", hash = "sha256:647fe407b45af9a74d245b943b18e6a816acf4926974278f6dd617778e1e781f", size = 70955 }
wheels = [
    { url = "https://files.pythonhosted.org/packages/6e/78/36828a4d857b25896f9774c875714ba4e9b3bc8a92d2debe3f4df3a83d4f/validators-0.34.0-py3-none-any.whl", hash = "sha256:c804b476e3e6d3786fa07a30073a4ef694e617805eb1946ceee3fe5a9b8b1321", size = 43536 },
]

[[package]]
name = "xmltodict"
version = "0.13.0"
source = { registry = "https://pypi.org/simple" }
sdist = { url = "https://files.pythonhosted.org/packages/39/0d/40df5be1e684bbaecdb9d1e0e40d5d482465de6b00cbb92b84ee5d243c7f/xmltodict-0.13.0.tar.gz", hash = "sha256:341595a488e3e01a85a9d8911d8912fd922ede5fecc4dce437eb4b6c8d037e56", size = 33813 }
wheels = [
    { url = "https://files.pythonhosted.org/packages/94/db/fd0326e331726f07ff7f40675cd86aa804bfd2e5016c727fa761c934990e/xmltodict-0.13.0-py2.py3-none-any.whl", hash = "sha256:aa89e8fd76320154a40d19a0df04a4695fb9dc5ba977cbb68ab3e4eb225e7852", size = 9971 },
]
